schema: '2.0'
stages:
  split:
    cmd: python scripts/create_splits.py --val-size 0.15 --test-size 0.15 
      --random-state 42
    deps:
    - path: data/processed/customers.csv
      hash: md5
      md5: 46a0b2cceac4d04207ec44703b8ba964
      size: 478886
    - path: data/processed/tickets.csv
      hash: md5
      md5: 51251a361adb04a3c2060e6b88b2fd6a
      size: 1344561
    - path: scripts/create_splits.py
      hash: md5
      md5: 3d8866dcc7dbcfc22cde98b33e705e3a
      size: 2229
    - path: src/feature_engineering.py
      hash: md5
      md5: b445728c01db605c13eba1a8cc793641
      size: 5905
    params:
      params.yaml:
        random_state: 42
        test_size: 0.15
        val_size: 0.15
    outs:
    - path: data/splits/test.csv
      hash: md5
      md5: 2eeb73bd236c34d4eee437381f6b939e
      size: 131070
    - path: data/splits/train.csv
      hash: md5
      md5: a9610344193adc74ecb9929f1ebb6828
      size: 612366
    - path: data/splits/val.csv
      hash: md5
      md5: 6e82325a97eeb7e1bdcfd36ca681bdf8
      size: 131061
  train:
    cmd: python scripts/train_experiments.py --train-csv data/splits/train.csv 
      --test-csv data/splits/test.csv
    deps:
    - path: data/processed/tickets.csv
      hash: md5
      md5: 51251a361adb04a3c2060e6b88b2fd6a
      size: 1344561
    - path: data/splits/test.csv
      hash: md5
      md5: 2eeb73bd236c34d4eee437381f6b939e
      size: 131070
    - path: data/splits/train.csv
      hash: md5
      md5: a9610344193adc74ecb9929f1ebb6828
      size: 612366
    - path: scripts/train.py
      hash: md5
      md5: 89df9c55fbfee513bec1a62320e93b22
      size: 6742
    - path: scripts/train_experiments.py
      hash: md5
      md5: ebdfd6ec4ff223c2e8095eb1d4f87616
      size: 8346
    - path: src/feature_engineering.py
      hash: md5
      md5: b445728c01db605c13eba1a8cc793641
      size: 5905
    - path: src/model_factory.py
      hash: md5
      md5: 5ca4341950fabed9bed7e24531b49563
      size: 1666
    outs:
    - path: models/churn_pipeline.joblib
      hash: md5
      md5: 9a94b5f40895a667f9fa87f601b96aba
      size: 4801
    - path: models/training_metrics.json
      hash: md5
      md5: d8032b849b083c6016206f5de9ef7f79
      size: 737
